
Microsoft Visual Studio Solution File, Format Version 12.00
# Visual Studio 14
VisualStudioVersion = 14.0.24720.0
MinimumVisualStudioVersion = 10.0.40219.1
Project("{FAE04EC0-301F-11D3-BF4B-00C04F79EFBC}") = "z1", "z1\z1.csproj", "{86D78E25-CF8E-4099-9F3B-F4288FB89B80}"
EndProject
Project("{FAE04EC0-301F-11D3-BF4B-00C04F79EFBC}") = "z2", "z2\z2.csproj", "{885FF981-5AB6-4560-8759-983F7CB9DDEB}"
EndProject
Project("{FAE04EC0-301F-11D3-BF4B-00C04F79EFBC}") = "z3", "z3\z3.csproj", "{2FCE4767-4BF1-4CFB-AA65-FCAAFFB05D82}"
EndProject
Project("{FAE04EC0-301F-11D3-BF4B-00C04F79EFBC}") = "z4", "z4\z4.csproj", "{080FB38D-CAAA-4FD6-BD1A-D2A50CE4CB1A}"
EndProject
Global
	GlobalSection(SolutionConfigurationPlatforms) = preSolution
		Debug|Any CPU = Debug|Any CPU
		Release|Any CPU = Release|Any CPU
	EndGlobalSection
	GlobalSection(ProjectConfigurationPlatforms) = postSolution
		{86D78E25-CF8E-4099-9F3B-F4288FB89B80}.Debug|Any CPU.ActiveCfg = Debug|Any CPU
		{86D78E25-CF8E-4099-9F3B-F4288FB89B80}.Debug|Any CPU.Build.0 = Debug|Any CPU
		{86D78E25-CF8E-4099-9F3B-F4288FB89B80}.Release|Any CPU.ActiveCfg = Release|Any CPU
		{86D78E25-CF8E-4099-9F3B-F4288FB89B80}.Release|Any CPU.Build.0 = Release|Any CPU
		{885FF981-5AB6-4560-8759-983F7CB9DDEB}.Debug|Any CPU.ActiveCfg = Debug|Any CPU
		{885FF981-5AB6-4560-8759-983F7CB9DDEB}.Debug|Any CPU.Build.0 = Debug|Any CPU
		{885FF981-5AB6-4560-8759-983F7CB9DDEB}.Release|Any CPU.ActiveCfg = Release|Any CPU
		{885FF981-5AB6-4560-8759-983F7CB9DDEB}.Release|Any CPU.Build.0 = Release|Any CPU
		{2FCE4767-4BF1-4CFB-AA65-FCAAFFB05D82}.Debug|Any CPU.ActiveCfg = Debug|Any CPU
		{2FCE4767-4BF1-4CFB-AA65-FCAAFFB05D82}.Debug|Any CPU.Build.0 = Debug|Any CPU
		{2FCE4767-4BF1-4CFB-AA65-FCAAFFB05D82}.Release|Any CPU.ActiveCfg = Release|Any CPU
		{2FCE4767-4BF1-4CFB-AA65-FCAAFFB05D82}.Release|Any CPU.Build.0 = Release|Any CPU
		{080FB38D-CAAA-4FD6-BD1A-D2A50CE4CB1A}.Debug|Any CPU.ActiveCfg = Debug|Any CPU
		{080FB38D-CAAA-4FD6-BD1A-D2A50CE4CB1A}.Debug|Any CPU.Build.0 = Debug|Any CPU
		{080FB38D-CAAA-4FD6-BD1A-D2A50CE4CB1A}.Release|Any CPU.ActiveCfg = Release|Any CPU
		{080FB38D-CAAA-4FD6-BD1A-D2A50CE4CB1A}.Release|Any CPU.Build.0 = Release|Any CPU
	EndGlobalSection
	GlobalSection(SolutionProperties) = preSolution
		HideSolutionNode = FALSE
	EndGlobalSection
EndGlobal
