
Microsoft Visual Studio Solution File, Format Version 12.00
# Visual Studio 14
VisualStudioVersion = 14.0.24720.0
MinimumVisualStudioVersion = 10.0.40219.1
Project("{FAE04EC0-301F-11D3-BF4B-00C04F79EFBC}") = "l4", "l4\l4.csproj", "{EB0204B3-2EDE-4040-8DF4-0BD8A722EB78}"
EndProject
Project("{FAE04EC0-301F-11D3-BF4B-00C04F79EFBC}") = "L4tests", "L4tests\L4tests.csproj", "{A3B7CA4E-0FAA-48E7-B740-4642D69CBC41}"
EndProject
Global
	GlobalSection(SolutionConfigurationPlatforms) = preSolution
		Debug|Any CPU = Debug|Any CPU
		Release|Any CPU = Release|Any CPU
	EndGlobalSection
	GlobalSection(ProjectConfigurationPlatforms) = postSolution
		{EB0204B3-2EDE-4040-8DF4-0BD8A722EB78}.Debug|Any CPU.ActiveCfg = Debug|Any CPU
		{EB0204B3-2EDE-4040-8DF4-0BD8A722EB78}.Debug|Any CPU.Build.0 = Debug|Any CPU
		{EB0204B3-2EDE-4040-8DF4-0BD8A722EB78}.Release|Any CPU.ActiveCfg = Release|Any CPU
		{EB0204B3-2EDE-4040-8DF4-0BD8A722EB78}.Release|Any CPU.Build.0 = Release|Any CPU
		{A3B7CA4E-0FAA-48E7-B740-4642D69CBC41}.Debug|Any CPU.ActiveCfg = Debug|Any CPU
		{A3B7CA4E-0FAA-48E7-B740-4642D69CBC41}.Debug|Any CPU.Build.0 = Debug|Any CPU
		{A3B7CA4E-0FAA-48E7-B740-4642D69CBC41}.Release|Any CPU.ActiveCfg = Release|Any CPU
		{A3B7CA4E-0FAA-48E7-B740-4642D69CBC41}.Release|Any CPU.Build.0 = Release|Any CPU
	EndGlobalSection
	GlobalSection(SolutionProperties) = preSolution
		HideSolutionNode = FALSE
	EndGlobalSection
EndGlobal
